
Microsoft Visual Studio Solution File, Format Version 12.00
# Visual Studio Version 17
VisualStudioVersion = 17.14.36401.2 d17.14
MinimumVisualStudioVersion = 10.0.40219.1
Project("{FAE04EC0-301F-11D3-BF4B-00C04F79EFBC}") = "comprehensive_Practice_1", "comprehensive_Practice_1\comprehensive_Practice_1.csproj", "{D012AF0F-B0DD-4DB9-8587-58E69D106879}"
EndProject
Global
	GlobalSection(SolutionConfigurationPlatforms) = preSolution
		Debug|Any CPU = Debug|Any CPU
		Release|Any CPU = Release|Any CPU
	EndGlobalSection
	GlobalSection(ProjectConfigurationPlatforms) = postSolution
		{D012AF0F-B0DD-4DB9-8587-58E69D106879}.Debug|Any CPU.ActiveCfg = Debug|Any CPU
		{D012AF0F-B0DD-4DB9-8587-58E69D106879}.Debug|Any CPU.Build.0 = Debug|Any CPU
		{D012AF0F-B0DD-4DB9-8587-58E69D106879}.Release|Any CPU.ActiveCfg = Release|Any CPU
		{D012AF0F-B0DD-4DB9-8587-58E69D106879}.Release|Any CPU.Build.0 = Release|Any CPU
	EndGlobalSection
	GlobalSection(SolutionProperties) = preSolution
		HideSolutionNode = FALSE
	EndGlobalSection
	GlobalSection(ExtensibilityGlobals) = postSolution
		SolutionGuid = {3BC73252-3E96-44A9-B67E-0A27844C60C5}
	EndGlobalSection
EndGlobal
