
Microsoft Visual Studio Solution File, Format Version 12.00
# Visual Studio Version 17
VisualStudioVersion = 17.14.36401.2 d17.14
MinimumVisualStudioVersion = 10.0.40219.1
Project("{FAE04EC0-301F-11D3-BF4B-00C04F79EFBC}") = "GroupBox", "GroupBox\GroupBox.csproj", "{BE8CD7C3-50F4-490E-9BC3-FF75FA6DCC6A}"
EndProject
Global
	GlobalSection(SolutionConfigurationPlatforms) = preSolution
		Debug|Any CPU = Debug|Any CPU
		Release|Any CPU = Release|Any CPU
	EndGlobalSection
	GlobalSection(ProjectConfigurationPlatforms) = postSolution
		{BE8CD7C3-50F4-490E-9BC3-FF75FA6DCC6A}.Debug|Any CPU.ActiveCfg = Debug|Any CPU
		{BE8CD7C3-50F4-490E-9BC3-FF75FA6DCC6A}.Debug|Any CPU.Build.0 = Debug|Any CPU
		{BE8CD7C3-50F4-490E-9BC3-FF75FA6DCC6A}.Release|Any CPU.ActiveCfg = Release|Any CPU
		{BE8CD7C3-50F4-490E-9BC3-FF75FA6DCC6A}.Release|Any CPU.Build.0 = Release|Any CPU
	EndGlobalSection
	GlobalSection(SolutionProperties) = preSolution
		HideSolutionNode = FALSE
	EndGlobalSection
	GlobalSection(ExtensibilityGlobals) = postSolution
		SolutionGuid = {11AE8522-D66F-492C-A383-EE9B1B7FBEB2}
	EndGlobalSection
EndGlobal
